
Microsoft Visual Studio Solution File, Format Version 12.00
# Visual Studio Version 17
VisualStudioVersion = 17.9.34714.143
MinimumVisualStudioVersion = 10.0.40219.1
Project("{9A19103F-16F7-4668-BE54-9A1E7A4F7556}") = "MangoShopProductService", "MangoShopProductService\MangoShopProductService.csproj", "{6919FEA5-8CFE-4251-8931-04AD3A8B6E45}"
EndProject
Project("{FAE04EC0-301F-11D3-BF4B-00C04F79EFBC}") = "DAL.MangoShopProductService", "DAL.MangoShopProductService\DAL.MangoShopProductService.csproj", "{5EE2F9A0-F51D-4846-8A18-935818BDF740}"
EndProject
Project("{FAE04EC0-301F-11D3-BF4B-00C04F79EFBC}") = "BLL.MangoShopProductService", "BLL.MangoShopProductService\BLL.MangoShopProductService.csproj", "{89D34CD2-B5DD-4E90-BEDE-C955B0A7BD79}"
EndProject
Global
	GlobalSection(SolutionConfigurationPlatforms) = preSolution
		Debug|Any CPU = Debug|Any CPU
		Release|Any CPU = Release|Any CPU
	EndGlobalSection
	GlobalSection(ProjectConfigurationPlatforms) = postSolution
		{6919FEA5-8CFE-4251-8931-04AD3A8B6E45}.Debug|Any CPU.ActiveCfg = Debug|Any CPU
		{6919FEA5-8CFE-4251-8931-04AD3A8B6E45}.Debug|Any CPU.Build.0 = Debug|Any CPU
		{6919FEA5-8CFE-4251-8931-04AD3A8B6E45}.Release|Any CPU.ActiveCfg = Release|Any CPU
		{6919FEA5-8CFE-4251-8931-04AD3A8B6E45}.Release|Any CPU.Build.0 = Release|Any CPU
		{5EE2F9A0-F51D-4846-8A18-935818BDF740}.Debug|Any CPU.ActiveCfg = Debug|Any CPU
		{5EE2F9A0-F51D-4846-8A18-935818BDF740}.Debug|Any CPU.Build.0 = Debug|Any CPU
		{5EE2F9A0-F51D-4846-8A18-935818BDF740}.Release|Any CPU.ActiveCfg = Release|Any CPU
		{5EE2F9A0-F51D-4846-8A18-935818BDF740}.Release|Any CPU.Build.0 = Release|Any CPU
		{89D34CD2-B5DD-4E90-BEDE-C955B0A7BD79}.Debug|Any CPU.ActiveCfg = Debug|Any CPU
		{89D34CD2-B5DD-4E90-BEDE-C955B0A7BD79}.Debug|Any CPU.Build.0 = Debug|Any CPU
		{89D34CD2-B5DD-4E90-BEDE-C955B0A7BD79}.Release|Any CPU.ActiveCfg = Release|Any CPU
		{89D34CD2-B5DD-4E90-BEDE-C955B0A7BD79}.Release|Any CPU.Build.0 = Release|Any CPU
	EndGlobalSection
	GlobalSection(SolutionProperties) = preSolution
		HideSolutionNode = FALSE
	EndGlobalSection
	GlobalSection(ExtensibilityGlobals) = postSolution
		SolutionGuid = {3BB0095F-232D-4C1A-85D6-E223FB1EEBA2}
	EndGlobalSection
EndGlobal
