
Microsoft Visual Studio Solution File, Format Version 12.00
# Visual Studio Version 17
VisualStudioVersion = 17.9.34714.143
MinimumVisualStudioVersion = 10.0.40219.1
Project("{FAE04EC0-301F-11D3-BF4B-00C04F79EFBC}") = "MangoShopGateWay", "MangoShopGateWay\MangoShopGateWay.csproj", "{9E3A1B56-D44C-401D-A588-1CCF0A268DEB}"
EndProject
Global
	GlobalSection(SolutionConfigurationPlatforms) = preSolution
		Debug|Any CPU = Debug|Any CPU
		Release|Any CPU = Release|Any CPU
	EndGlobalSection
	GlobalSection(ProjectConfigurationPlatforms) = postSolution
		{9E3A1B56-D44C-401D-A588-1CCF0A268DEB}.Debug|Any CPU.ActiveCfg = Debug|Any CPU
		{9E3A1B56-D44C-401D-A588-1CCF0A268DEB}.Debug|Any CPU.Build.0 = Debug|Any CPU
		{9E3A1B56-D44C-401D-A588-1CCF0A268DEB}.Release|Any CPU.ActiveCfg = Release|Any CPU
		{9E3A1B56-D44C-401D-A588-1CCF0A268DEB}.Release|Any CPU.Build.0 = Release|Any CPU
	EndGlobalSection
	GlobalSection(SolutionProperties) = preSolution
		HideSolutionNode = FALSE
	EndGlobalSection
	GlobalSection(ExtensibilityGlobals) = postSolution
		SolutionGuid = {DC9DFD18-1870-483B-A911-4AE095F43B15}
	EndGlobalSection
EndGlobal
